PODS:
  - AFNetworking (3.1.0):
    - AFNetworking/NSURLSession (= 3.1.0)
    - AFNetworking/Reachability (= 3.1.0)
    - AFNetworking/Security (= 3.1.0)
    - AFNetworking/Serialization (= 3.1.0)
    - AFNetworking/UIKit (= 3.1.0)
  - AFNetworking/NSURLSession (3.1.0):
    - AFNetworking/Reachability
    - AFNetworking/Security
    - AFNetworking/Serialization
  - AFNetworking/Reachability (3.1.0)
  - AFNetworking/Security (3.1.0)
  - AFNetworking/Serialization (3.1.0)
  - AFNetworking/UIKit (3.1.0):
    - AFNetworking/NSURLSession
  - JSPatchPlatform (1.6.3):
    - JSPatchPlatform/Core (= 1.6.3)
  - JSPatchPlatform/Core (1.6.3)
  - KMCGeigerCounter (0.2.2)
  - Masonry (1.0.2)
  - SDWebImage (4.0.0-beta2):
    - SDWebImage/Core (= 4.0.0-beta2)
  - SDWebImage/Core (4.0.0-beta2)
  - YYKit (1.0.9):
    - YYKit/no-arc (= 1.0.9)
  - YYKit/no-arc (1.0.9)

DEPENDENCIES:
  - AFNetworking (~> 3.0)
  - JSPatchPlatform
  - KMCGeigerCounter
  - Masonry (~> 1.0.2)
  - SDWebImage (~> 4.0.0-beta2)
  - YYKit (~> 1.0.9)

SPEC CHECKSUMS:
  AFNetworking: 5e0e199f73d8626b11e79750991f5d173d1f8b67
  JSPatchPlatform: a1e6f6e7903fd6e26ceddc6a2aeb0c051cc98100
  KMCGeigerCounter: f8cc3c4aa19fc6f8cec168fb03b364b84c118a7a
  Masonry: 7c429b56da9d4ee0bbb3ed77a5ea710d6a5df39e
  SDWebImage: e379f33106cf8d6766f970c0ef1c3fb609c94d78
  YYKit: 7cda43304a8dc3696c449041e2cb3107b4e236e7

PODFILE CHECKSUM: 2cd85e186fa7e4c18c4b2f89707a114a3b26d267

COCOAPODS: 1.1.1
